// !$*UTF8*$!
{
	archiveVersion = 1;
	classes = {
	};
	objectVersion = 46;
	objects = {

/* Begin PBXBuildFile section */
		523FA7EC1B5B95BB006688E9 /* AppDelegate.swift in Sources */ = {isa = PBXBuildFile; fileRef = 523FA7EB1B5B95BB006688E9 /* AppDelegate.swift */; };
		523FA7EE1B5B95BB006688E9 /* ViewController.swift in Sources */ = {isa = PBXBuildFile; fileRef = 523FA7ED1B5B95BB006688E9 /* ViewController.swift */; };
		523FA7F11B5B95BB006688E9 /* Main.storyboard in Resources */ = {isa = PBXBuildFile; fileRef = 523FA7EF1B5B95BB006688E9 /* Main.storyboard */; };
		523FA7F31B5B95BB006688E9 /* Images.xcassets in Resources */ = {isa = PBXBuildFile; fileRef = 523FA7F21B5B95BB006688E9 /* Images.xcassets */; };
		523FA7F61B5B95BB006688E9 /* LaunchScreen.xib in Resources */ = {isa = PBXBuildFile; fileRef = 523FA7F41B5B95BB006688E9 /* LaunchScreen.xib */; };
		523FA8021B5B95BB006688E9 /* test2048ViewTests.swift in Sources */ = {isa = PBXBuildFile; fileRef = 523FA8011B5B95BB006688E9 /* test2048ViewTests.swift */; };
		52CDA70E1B917F6C000256AE /* MainTabViewControllrt.swift in Sources */ = {isa = PBXBuildFile; fileRef = 52CDA70D1B917F6C000256AE /* MainTabViewControllrt.swift */; };
		52CDA7101B9186CE000256AE /* MainViewController.swift in Sources */ = {isa = PBXBuildFile; fileRef = 52CDA70F1B9186CE000256AE /* MainViewController.swift */; };
		52CDA7121B91876F000256AE /* SettingViewController.swift in Sources */ = {isa = PBXBuildFile; fileRef = 52CDA7111B91876F000256AE /* SettingViewController.swift */; };
		52CDA7141B931218000256AE /* ScoreView.swift in Sources */ = {isa = PBXBuildFile; fileRef = 52CDA7131B931218000256AE /* ScoreView.swift */; };
		52CDA7161B93565A000256AE /* ViewFactory.swift in Sources */ = {isa = PBXBuildFile; fileRef = 52CDA7151B93565A000256AE /* ViewFactory.swift */; };
		52CDA7181B948E10000256AE /* GameModel.swift in Sources */ = {isa = PBXBuildFile; fileRef = 52CDA7171B948E0F000256AE /* GameModel.swift */; };
		52CDA71A1B9491A2000256AE /* TileView.swift in Sources */ = {isa = PBXBuildFile; fileRef = 52CDA7191B9491A2000256AE /* TileView.swift */; };
/* End PBXBuildFile section */

/* Begin PBXContainerItemProxy section */
		523FA7FC1B5B95BB006688E9 /* PBXContainerItemProxy */ = {
			isa = PBXContainerItemProxy;
			containerPortal = 523FA7DE1B5B95BB006688E9 /* Project object */;
			proxyType = 1;
			remoteGlobalIDString = 523FA7E51B5B95BB006688E9;
			remoteInfo = test2048View;
		};
/* End PBXContainerItemProxy section */

/* Begin PBXFileReference section */
		523FA7E61B5B95BB006688E9 /* test2048View.app */ = {isa = PBXFileReference; explicitFileType = wrapper.application; includeInIndex = 0; path = test2048View.app; sourceTree = BUILT_PRODUCTS_DIR; };
		523FA7EA1B5B95BB006688E9 /* Info.plist */ = {isa = PBXFileReference; lastKnownFileType = text.plist.xml; path = Info.plist; sourceTree = "<group>"; };
		523FA7EB1B5B95BB006688E9 /* AppDelegate.swift */ = {isa = PBXFileReference; lastKnownFileType = sourcecode.swift; path = AppDelegate.swift; sourceTree = "<group>"; };
		523FA7ED1B5B95BB006688E9 /* ViewController.swift */ = {isa = PBXFileReference; lastKnownFileType = sourcecode.swift; path = ViewController.swift; sourceTree = "<group>"; };
		523FA7F01B5B95BB006688E9 /* Base */ = {isa = PBXFileReference; lastKnownFileType = file.storyboard; name = Base; path = Base.lproj/Main.storyboard; sourceTree = "<group>"; };
		523FA7F21B5B95BB006688E9 /* Images.xcassets */ = {isa = PBXFileReference; lastKnownFileType = folder.assetcatalog; path = Images.xcassets; sourceTree = "<group>"; };
		523FA7F51B5B95BB006688E9 /* Base */ = {isa = PBXFileReference; lastKnownFileType = file.xib; name = Base; path = Base.lproj/LaunchScreen.xib; sourceTree = "<group>"; };
		523FA7FB1B5B95BB006688E9 /* test2048ViewTests.xctest */ = {isa = PBXFileReference; explicitFileType = wrapper.cfbundle; includeInIndex = 0; path = test2048ViewTests.xctest; sourceTree = BUILT_PRODUCTS_DIR; };
		523FA8001B5B95BB006688E9 /* Info.plist */ = {isa = PBXFileReference; lastKnownFileType = text.plist.xml; path = Info.plist; sourceTree = "<group>"; };
		523FA8011B5B95BB006688E9 /* test2048ViewTests.swift */ = {isa = PBXFileReference; lastKnownFileType = sourcecode.swift; path = test2048ViewTests.swift; sourceTree = "<group>"; };
		52CDA70D1B917F6C000256AE /* MainTabViewControllrt.swift */ = {isa = PBXFileReference; fileEncoding = 4; lastKnownFileType = sourcecode.swift; path = MainTabViewControllrt.swift; sourceTree = "<group>"; };
		52CDA70F1B9186CE000256AE /* MainViewController.swift */ = {isa = PBXFileReference; fileEncoding = 4; lastKnownFileType = sourcecode.swift; path = MainViewController.swift; sourceTree = "<group>"; };
		52CDA7111B91876F000256AE /* SettingViewController.swift */ = {isa = PBXFileReference; fileEncoding = 4; lastKnownFileType = sourcecode.swift; path = SettingViewController.swift; sourceTree = "<group>"; };
		52CDA7131B931218000256AE /* ScoreView.swift */ = {isa = PBXFileReference; fileEncoding = 4; lastKnownFileType = sourcecode.swift; path = ScoreView.swift; sourceTree = "<group>"; };
		52CDA7151B93565A000256AE /* ViewFactory.swift */ = {isa = PBXFileReference; fileEncoding = 4; lastKnownFileType = sourcecode.swift; path = ViewFactory.swift; sourceTree = "<group>"; };
		52CDA7171B948E0F000256AE /* GameModel.swift */ = {isa = PBXFileReference; fileEncoding = 4; lastKnownFileType = sourcecode.swift; path = GameModel.swift; sourceTree = "<group>"; };
		52CDA7191B9491A2000256AE /* TileView.swift */ = {isa = PBXFileReference; fileEncoding = 4; lastKnownFileType = sourcecode.swift; path = TileView.swift; sourceTree = "<group>"; };
/* End PBXFileReference section */

/* Begin PBXFrameworksBuildPhase section */
		523FA7E31B5B95BB006688E9 /* Frameworks */ = {
			isa = PBXFrameworksBuildPhase;
			buildActionMask = 2147483647;
			files = (
			);
			runOnlyForDeploymentPostprocessing = 0;
		};
		523FA7F81B5B95BB006688E9 /* Frameworks */ = {
			isa = PBXFrameworksBuildPhase;
			buildActionMask = 2147483647;
			files = (
			);
			runOnlyForDeploymentPostprocessing = 0;
		};
/* End PBXFrameworksBuildPhase section */

/* Begin PBXGroup section */
		523FA7DD1B5B95BB006688E9 = {
			isa = PBXGroup;
			children = (
				523FA7E81B5B95BB006688E9 /* test2048View */,
				523FA7FE1B5B95BB006688E9 /* test2048ViewTests */,
				523FA7E71B5B95BB006688E9 /* Products */,
			);
			sourceTree = "<group>";
		};
		523FA7E71B5B95BB006688E9 /* Products */ = {
			isa = PBXGroup;
			children = (
				523FA7E61B5B95BB006688E9 /* test2048View.app */,
				523FA7FB1B5B95BB006688E9 /* test2048ViewTests.xctest */,
			);
			name = Products;
			sourceTree = "<group>";
		};
		523FA7E81B5B95BB006688E9 /* test2048View */ = {
			isa = PBXGroup;
			children = (
				523FA7EB1B5B95BB006688E9 /* AppDelegate.swift */,
				523FA7ED1B5B95BB006688E9 /* ViewController.swift */,
				523FA7EF1B5B95BB006688E9 /* Main.storyboard */,
				52CDA70D1B917F6C000256AE /* MainTabViewControllrt.swift */,
				52CDA7111B91876F000256AE /* SettingViewController.swift */,
				52CDA7171B948E0F000256AE /* GameModel.swift */,
				52CDA7191B9491A2000256AE /* TileView.swift */,
				52CDA70F1B9186CE000256AE /* MainViewController.swift */,
				52CDA7151B93565A000256AE /* ViewFactory.swift */,
				52CDA7131B931218000256AE /* ScoreView.swift */,
				523FA7F21B5B95BB006688E9 /* Images.xcassets */,
				523FA7F41B5B95BB006688E9 /* LaunchScreen.xib */,
				523FA7E91B5B95BB006688E9 /* Supporting Files */,
			);
			path = test2048View;
			sourceTree = "<group>";
		};
		523FA7E91B5B95BB006688E9 /* Supporting Files */ = {
			isa = PBXGroup;
			children = (
				523FA7EA1B5B95BB006688E9 /* Info.plist */,
			);
			name = "Supporting Files";
			sourceTree = "<group>";
		};
		523FA7FE1B5B95BB006688E9 /* test2048ViewTests */ = {
			isa = PBXGroup;
			children = (
				523FA8011B5B95BB006688E9 /* test2048ViewTests.swift */,
				523FA7FF1B5B95BB006688E9 /* Supporting Files */,
			);
			path = test2048ViewTests;
			sourceTree = "<group>";
		};
		523FA7FF1B5B95BB006688E9 /* Supporting Files */ = {
			isa = PBXGroup;
			children = (
				523FA8001B5B95BB006688E9 /* Info.plist */,
			);
			name = "Supporting Files";
			sourceTree = "<group>";
		};
/* End PBXGroup section */

/* Begin PBXNativeTarget section */
		523FA7E51B5B95BB006688E9 /* test2048View */ = {
			isa = PBXNativeTarget;
			buildConfigurationList = 523FA8051B5B95BB006688E9 /* Build configuration list for PBXNativeTarget "test2048View" */;
			buildPhases = (
				523FA7E21B5B95BB006688E9 /* Sources */,
				523FA7E31B5B95BB006688E9 /* Frameworks */,
				523FA7E41B5B95BB006688E9 /* Resources */,
			);
			buildRules = (
			);
			dependencies = (
			);
			name = test2048View;
			productName = test2048View;
			productReference = 523FA7E61B5B95BB006688E9 /* test2048View.app */;
			productType = "com.apple.product-type.application";
		};
		523FA7FA1B5B95BB006688E9 /* test2048ViewTests */ = {
			isa = PBXNativeTarget;
			buildConfigurationList = 523FA8081B5B95BB006688E9 /* Build configuration list for PBXNativeTarget "test2048ViewTests" */;
			buildPhases = (
				523FA7F71B5B95BB006688E9 /* Sources */,
				523FA7F81B5B95BB006688E9 /* Frameworks */,
				523FA7F91B5B95BB006688E9 /* Resources */,
			);
			buildRules = (
			);
			dependencies = (
				523FA7FD1B5B95BB006688E9 /* PBXTargetDependency */,
			);
			name = test2048ViewTests;
			productName = test2048ViewTests;
			productReference = 523FA7FB1B5B95BB006688E9 /* test2048ViewTests.xctest */;
			productType = "com.apple.product-type.bundle.unit-test";
		};
/* End PBXNativeTarget section */

/* Begin PBXProject section */
		523FA7DE1B5B95BB006688E9 /* Project object */ = {
			isa = PBXProject;
			attributes = {
				LastUpgradeCheck = 0630;
				ORGANIZATIONNAME = "Carl Yi";
				TargetAttributes = {
					523FA7E51B5B95BB006688E9 = {
						CreatedOnToolsVersion = 6.3.2;
					};
					523FA7FA1B5B95BB006688E9 = {
						CreatedOnToolsVersion = 6.3.2;
						TestTargetID = 523FA7E51B5B95BB006688E9;
					};
				};
			};
			buildConfigurationList = 523FA7E11B5B95BB006688E9 /* Build configuration list for PBXProject "test2048View" */;
			compatibilityVersion = "Xcode 3.2";
			developmentRegion = English;
			hasScannedForEncodings = 0;
			knownRegions = (
				en,
				Base,
			);
			mainGroup = 523FA7DD1B5B95BB006688E9;
			productRefGroup = 523FA7E71B5B95BB006688E9 /* Products */;
			projectDirPath = "";
			projectRoot = "";
			targets = (
				523FA7E51B5B95BB006688E9 /* test2048View */,
				523FA7FA1B5B95BB006688E9 /* test2048ViewTests */,
			);
		};
/* End PBXProject section */

/* Begin PBXResourcesBuildPhase section */
		523FA7E41B5B95BB006688E9 /* Resources */ = {
			isa = PBXResourcesBuildPhase;
			buildActionMask = 2147483647;
			files = (
				523FA7F11B5B95BB006688E9 /* Main.storyboard in Resources */,
				523FA7F61B5B95BB006688E9 /* LaunchScreen.xib in Resources */,
				523FA7F31B5B95BB006688E9 /* Images.xcassets in Resources */,
			);
			runOnlyForDeploymentPostprocessing = 0;
		};
		523FA7F91B5B95BB006688E9 /* Resources */ = {
			isa = PBXResourcesBuildPhase;
			buildActionMask = 2147483647;
			files = (
			);
			runOnlyForDeploymentPostprocessing = 0;
		};
/* End PBXResourcesBuildPhase section */

/* Begin PBXSourcesBuildPhase section */
		523FA7E21B5B95BB006688E9 /* Sources */ = {
			isa = PBXSourcesBuildPhase;
			buildActionMask = 2147483647;
			files = (
				52CDA7121B91876F000256AE /* SettingViewController.swift in Sources */,
				523FA7EE1B5B95BB006688E9 /* ViewController.swift in Sources */,
				523FA7EC1B5B95BB006688E9 /* AppDelegate.swift in Sources */,
				52CDA70E1B917F6C000256AE /* MainTabViewControllrt.swift in Sources */,
				52CDA71A1B9491A2000256AE /* TileView.swift in Sources */,
				52CDA7101B9186CE000256AE /* MainViewController.swift in Sources */,
				52CDA7181B948E10000256AE /* GameModel.swift in Sources */,
				52CDA7161B93565A000256AE /* ViewFactory.swift in Sources */,
				52CDA7141B931218000256AE /* ScoreView.swift in Sources */,
			);
			runOnlyForDeploymentPostprocessing = 0;
		};
		523FA7F71B5B95BB006688E9 /* Sources */ = {
			isa = PBXSourcesBuildPhase;
			buildActionMask = 2147483647;
			files = (
				523FA8021B5B95BB006688E9 /* test2048ViewTests.swift in Sources */,
			);
			runOnlyForDeploymentPostprocessing = 0;
		};
/* End PBXSourcesBuildPhase section */

/* Begin PBXTargetDependency section */
		523FA7FD1B5B95BB006688E9 /* PBXTargetDependency */ = {
			isa = PBXTargetDependency;
			target = 523FA7E51B5B95BB006688E9 /* test2048View */;
			targetProxy = 523FA7FC1B5B95BB006688E9 /* PBXContainerItemProxy */;
		};
/* End PBXTargetDependency section */

/* Begin PBXVariantGroup section */
		523FA7EF1B5B95BB006688E9 /* Main.storyboard */ = {
			isa = PBXVariantGroup;
			children = (
				523FA7F01B5B95BB006688E9 /* Base */,
			);
			name = Main.storyboard;
			sourceTree = "<group>";
		};
		523FA7F41B5B95BB006688E9 /* LaunchScreen.xib */ = {
			isa = PBXVariantGroup;
			children = (
				523FA7F51B5B95BB006688E9 /* Base */,
			);
			name = LaunchScreen.xib;
			sourceTree = "<group>";
		};
/* End PBXVariantGroup section */

/* Begin XCBuildConfiguration section */
		523FA8031B5B95BB006688E9 /* Debug */ = {
			isa = XCBuildConfiguration;
			buildSettings = {
				ALWAYS_SEARCH_USER_PATHS = NO;
				CLANG_CXX_LANGUAGE_STANDARD = "gnu++0x";
				CLANG_CXX_LIBRARY = "libc++";
				CLANG_ENABLE_MODULES = YES;
				CLANG_ENABLE_OBJC_ARC = YES;
				CLANG_WARN_BOOL_CONVERSION = YES;
				CLANG_WARN_CONSTANT_CONVERSION = YES;
				CLANG_WARN_DIRECT_OBJC_ISA_USAGE = YES_ERROR;
				CLANG_WARN_EMPTY_BODY = YES;
				CLANG_WARN_ENUM_CONVERSION = YES;
				CLANG_WARN_INT_CONVERSION = YES;
				CLANG_WARN_OBJC_ROOT_CLASS = YES_ERROR;
				CLANG_WARN_UNREACHABLE_CODE = YES;
				CLANG_WARN__DUPLICATE_METHOD_MATCH = YES;
				"CODE_SIGN_IDENTITY[sdk=iphoneos*]" = "iPhone Developer";
				COPY_PHASE_STRIP = NO;
				DEBUG_INFORMATION_FORMAT = "dwarf-with-dsym";
				ENABLE_STRICT_OBJC_MSGSEND = YES;
				GCC_C_LANGUAGE_STANDARD = gnu99;
				GCC_DYNAMIC_NO_PIC = NO;
				GCC_NO_COMMON_BLOCKS = YES;
				GCC_OPTIMIZATION_LEVEL = 0;
				GCC_PREPROCESSOR_DEFINITIONS = (
					"DEBUG=1",
					"$(inherited)",
				);
				GCC_SYMBOLS_PRIVATE_EXTERN = NO;
				GCC_WARN_64_TO_32_BIT_CONVERSION = YES;
				GCC_WARN_ABOUT_RETURN_TYPE = YES_ERROR;
				GCC_WARN_UNDECLARED_SELECTOR = YES;
				GCC_WARN_UNINITIALIZED_AUTOS = YES_AGGRESSIVE;
				GCC_WARN_UNUSED_FUNCTION = YES;
				GCC_WARN_UNUSED_VARIABLE = YES;
				IPHONEOS_DEPLOYMENT_TARGET = 8.3;
				MTL_ENABLE_DEBUG_INFO = YES;
				ONLY_ACTIVE_ARCH = YES;
				SDKROOT = iphoneos;
				SWIFT_OPTIMIZATION_LEVEL = "-Onone";
				TARGETED_DEVICE_FAMILY = 2;
			};
			name = Debug;
		};
		523FA8041B5B95BB006688E9 /* Release */ = {
			isa = XCBuildConfiguration;
			buildSettings = {
				ALWAYS_SEARCH_USER_PATHS = NO;
				CLANG_CXX_LANGUAGE_STANDARD = "gnu++0x";
				CLANG_CXX_LIBRARY = "libc++";
				CLANG_ENABLE_MODULES = YES;
				CLANG_ENABLE_OBJC_ARC = YES;
				CLANG_WARN_BOOL_CONVERSION = YES;
				CLANG_WARN_CONSTANT_CONVERSION = YES;
				CLANG_WARN_DIRECT_OBJC_ISA_USAGE = YES_ERROR;
				CLANG_WARN_EMPTY_BODY = YES;
				CLANG_WARN_ENUM_CONVERSION = YES;
				CLANG_WARN_INT_CONVERSION = YES;
				CLANG_WARN_OBJC_ROOT_CLASS = YES_ERROR;
				CLANG_WARN_UNREACHABLE_CODE = YES;
				CLANG_WARN__DUPLICATE_METHOD_MATCH = YES;
				"CODE_SIGN_IDENTITY[sdk=iphoneos*]" = "iPhone Developer";
				COPY_PHASE_STRIP = NO;
				DEBUG_INFORMATION_FORMAT = "dwarf-with-dsym";
				ENABLE_NS_ASSERTIONS = NO;
				ENABLE_STRICT_OBJC_MSGSEND = YES;
				GCC_C_LANGUAGE_STANDARD = gnu99;
				GCC_NO_COMMON_BLOCKS = YES;
				GCC_WARN_64_TO_32_BIT_CONVERSION = YES;
				GCC_WARN_ABOUT_RETURN_TYPE = YES_ERROR;
				GCC_WARN_UNDECLARED_SELECTOR = YES;
				GCC_WARN_UNINITIALIZED_AUTOS = YES_AGGRESSIVE;
				GCC_WARN_UNUSED_FUNCTION = YES;
				GCC_WARN_UNUSED_VARIABLE = YES;
				IPHONEOS_DEPLOYMENT_TARGET = 8.3;
				MTL_ENABLE_DEBUG_INFO = NO;
				SDKROOT = iphoneos;
				TARGETED_DEVICE_FAMILY = 2;
				VALIDATE_PRODUCT = YES;
			};
			name = Release;
		};
		523FA8061B5B95BB006688E9 /* Debug */ = {
			isa = XCBuildConfiguration;
			buildSettings = {
				ASSETCATALOG_COMPILER_APPICON_NAME = AppIcon;
				INFOPLIST_FILE = test2048View/Info.plist;
				LD_RUNPATH_SEARCH_PATHS = "$(inherited) @executable_path/Frameworks";
				PRODUCT_NAME = "$(TARGET_NAME)";
			};
			name = Debug;
		};
		523FA8071B5B95BB006688E9 /* Release */ = {
			isa = XCBuildConfiguration;
			buildSettings = {
				ASSETCATALOG_COMPILER_APPICON_NAME = AppIcon;
				INFOPLIST_FILE = test2048View/Info.plist;
				LD_RUNPATH_SEARCH_PATHS = "$(inherited) @executable_path/Frameworks";
				PRODUCT_NAME = "$(TARGET_NAME)";
			};
			name = Release;
		};
		523FA8091B5B95BB006688E9 /* Debug */ = {
			isa = XCBuildConfiguration;
			buildSettings = {
				BUNDLE_LOADER = "$(TEST_HOST)";
				FRAMEWORK_SEARCH_PATHS = (
					"$(SDKROOT)/Developer/Library/Frameworks",
					"$(inherited)",
				);
				GCC_PREPROCESSOR_DEFINITIONS = (
					"DEBUG=1",
					"$(inherited)",
				);
				INFOPLIST_FILE = test2048ViewTests/Info.plist;
				LD_RUNPATH_SEARCH_PATHS = "$(inherited) @executable_path/Frameworks @loader_path/Frameworks";
				PRODUCT_NAME = "$(TARGET_NAME)";
				TEST_HOST = "$(BUILT_PRODUCTS_DIR)/test2048View.app/test2048View";
			};
			name = Debug;
		};
		523FA80A1B5B95BB006688E9 /* Release */ = {
			isa = XCBuildConfiguration;
			buildSettings = {
				BUNDLE_LOADER = "$(TEST_HOST)";
				FRAMEWORK_SEARCH_PATHS = (
					"$(SDKROOT)/Developer/Library/Frameworks",
					"$(inherited)",
				);
				INFOPLIST_FILE = test2048ViewTests/Info.plist;
				LD_RUNPATH_SEARCH_PATHS = "$(inherited) @executable_path/Frameworks @loader_path/Frameworks";
				PRODUCT_NAME = "$(TARGET_NAME)";
				TEST_HOST = "$(BUILT_PRODUCTS_DIR)/test2048View.app/test2048View";
			};
			name = Release;
		};
/* End XCBuildConfiguration section */

/* Begin XCConfigurationList section */
		523FA7E11B5B95BB006688E9 /* Build configuration list for PBXProject "test2048View" */ = {
			isa = XCConfigurationList;
			buildConfigurations = (
				523FA8031B5B95BB006688E9 /* Debug */,
				523FA8041B5B95BB006688E9 /* Release */,
			);
			defaultConfigurationIsVisible = 0;
			defaultConfigurationName = Release;
		};
		523FA8051B5B95BB006688E9 /* Build configuration list for PBXNativeTarget "test2048View" */ = {
			isa = XCConfigurationList;
			buildConfigurations = (
				523FA8061B5B95BB006688E9 /* Debug */,
				523FA8071B5B95BB006688E9 /* Release */,
			);
			defaultConfigurationIsVisible = 0;
			defaultConfigurationName = Release;
		};
		523FA8081B5B95BB006688E9 /* Build configuration list for PBXNativeTarget "test2048ViewTests" */ = {
			isa = XCConfigurationList;
			buildConfigurations = (
				523FA8091B5B95BB006688E9 /* Debug */,
				523FA80A1B5B95BB006688E9 /* Release */,
			);
			defaultConfigurationIsVisible = 0;
			defaultConfigurationName = Release;
		};
/* End XCConfigurationList section */
	};
	rootObject = 523FA7DE1B5B95BB006688E9 /* Project object */;
}
